
Microsoft Visual Studio Solution File, Format Version 12.00
# Visual Studio Version 17
VisualStudioVersion = 17.9.34616.47
MinimumVisualStudioVersion = 10.0.40219.1
Project("{888888A0-9F3D-457C-B088-3A5042F75D52}") = "PythonApplication2", "PythonApplication2\PythonApplication2.pyproj", "{8B9E79E3-3A46-4BEE-91D6-CD572D02D64C}"
EndProject
Global
	GlobalSection(SolutionConfigurationPlatforms) = preSolution
		Debug|Any CPU = Debug|Any CPU
		Release|Any CPU = Release|Any CPU
	EndGlobalSection
	GlobalSection(ProjectConfigurationPlatforms) = postSolution
		{8B9E79E3-3A46-4BEE-91D6-CD572D02D64C}.Debug|Any CPU.ActiveCfg = Debug|Any CPU
		{8B9E79E3-3A46-4BEE-91D6-CD572D02D64C}.Release|Any CPU.ActiveCfg = Release|Any CPU
	EndGlobalSection
	GlobalSection(SolutionProperties) = preSolution
		HideSolutionNode = FALSE
	EndGlobalSection
	GlobalSection(ExtensibilityGlobals) = postSolution
		SolutionGuid = {81E7D818-7358-4854-AA3D-85C57B1C4A76}
	EndGlobalSection
EndGlobal
