
Microsoft Visual Studio Solution File, Format Version 12.00
# Visual Studio Version 17
VisualStudioVersion = 17.9.34616.47
MinimumVisualStudioVersion = 10.0.40219.1
Project("{8BC9CEB8-8B4A-11D0-8D11-00A0C91BC942}") = "practicinc8", "practicinc8\practicinc8.vcxproj", "{91A88031-A918-40CD-938B-7827175DACFD}"
EndProject
Global
	GlobalSection(SolutionConfigurationPlatforms) = preSolution
		Debug|x64 = Debug|x64
		Release|x64 = Release|x64
	EndGlobalSection
	GlobalSection(ProjectConfigurationPlatforms) = postSolution
		{91A88031-A918-40CD-938B-7827175DACFD}.Debug|x64.ActiveCfg = Debug|x64
		{91A88031-A918-40CD-938B-7827175DACFD}.Debug|x64.Build.0 = Debug|x64
		{91A88031-A918-40CD-938B-7827175DACFD}.Release|x64.ActiveCfg = Release|x64
		{91A88031-A918-40CD-938B-7827175DACFD}.Release|x64.Build.0 = Release|x64
	EndGlobalSection
	GlobalSection(SolutionProperties) = preSolution
		HideSolutionNode = FALSE
	EndGlobalSection
	GlobalSection(ExtensibilityGlobals) = postSolution
		SolutionGuid = {23FC8394-E3F0-4D79-8C21-D0FB7040D2A5}
	EndGlobalSection
EndGlobal
