
Microsoft Visual Studio Solution File, Format Version 12.00
# Visual Studio Version 17
VisualStudioVersion = 17.9.34616.47
MinimumVisualStudioVersion = 10.0.40219.1
Project("{8BC9CEB8-8B4A-11D0-8D11-00A0C91BC942}") = "practicinc9", "practicinc9\practicinc9.vcxproj", "{27CADA3B-F95A-40C4-B6D1-8732F17B50D3}"
EndProject
Global
	GlobalSection(SolutionConfigurationPlatforms) = preSolution
		Debug|x64 = Debug|x64
		Release|x64 = Release|x64
	EndGlobalSection
	GlobalSection(ProjectConfigurationPlatforms) = postSolution
		{27CADA3B-F95A-40C4-B6D1-8732F17B50D3}.Debug|x64.ActiveCfg = Debug|x64
		{27CADA3B-F95A-40C4-B6D1-8732F17B50D3}.Debug|x64.Build.0 = Debug|x64
		{27CADA3B-F95A-40C4-B6D1-8732F17B50D3}.Release|x64.ActiveCfg = Release|x64
		{27CADA3B-F95A-40C4-B6D1-8732F17B50D3}.Release|x64.Build.0 = Release|x64
	EndGlobalSection
	GlobalSection(SolutionProperties) = preSolution
		HideSolutionNode = FALSE
	EndGlobalSection
	GlobalSection(ExtensibilityGlobals) = postSolution
		SolutionGuid = {98925E2D-C343-427F-8C9D-AA241B47D19F}
	EndGlobalSection
EndGlobal
