
Microsoft Visual Studio Solution File, Format Version 12.00
# Visual Studio Version 17
VisualStudioVersion = 17.9.34616.47
MinimumVisualStudioVersion = 10.0.40219.1
Project("{888888A0-9F3D-457C-B088-3A5042F75D52}") = "PythonApplication10", "PythonApplication10\PythonApplication10.pyproj", "{77E7F007-B3E9-426D-89F1-E1207BE61E5D}"
EndProject
Global
	GlobalSection(SolutionConfigurationPlatforms) = preSolution
		Debug|Any CPU = Debug|Any CPU
		Release|Any CPU = Release|Any CPU
	EndGlobalSection
	GlobalSection(ProjectConfigurationPlatforms) = postSolution
		{77E7F007-B3E9-426D-89F1-E1207BE61E5D}.Debug|Any CPU.ActiveCfg = Debug|Any CPU
		{77E7F007-B3E9-426D-89F1-E1207BE61E5D}.Release|Any CPU.ActiveCfg = Release|Any CPU
	EndGlobalSection
	GlobalSection(SolutionProperties) = preSolution
		HideSolutionNode = FALSE
	EndGlobalSection
	GlobalSection(ExtensibilityGlobals) = postSolution
		SolutionGuid = {5479819F-2DC6-4B3F-96AC-0F07E88E36D0}
	EndGlobalSection
EndGlobal
