
Microsoft Visual Studio Solution File, Format Version 12.00
# Visual Studio Version 17
VisualStudioVersion = 17.9.34616.47
MinimumVisualStudioVersion = 10.0.40219.1
Project("{8BC9CEB8-8B4A-11D0-8D11-00A0C91BC942}") = "Melodii1Sim", "Melodii1Sim\Melodii1Sim.vcxproj", "{867DE532-78AF-4E1B-B36F-3303006C72AE}"
EndProject
Global
	GlobalSection(SolutionConfigurationPlatforms) = preSolution
		Debug|x64 = Debug|x64
		Release|x64 = Release|x64
	EndGlobalSection
	GlobalSection(ProjectConfigurationPlatforms) = postSolution
		{867DE532-78AF-4E1B-B36F-3303006C72AE}.Debug|x64.ActiveCfg = Debug|x64
		{867DE532-78AF-4E1B-B36F-3303006C72AE}.Debug|x64.Build.0 = Debug|x64
		{867DE532-78AF-4E1B-B36F-3303006C72AE}.Release|x64.ActiveCfg = Release|x64
		{867DE532-78AF-4E1B-B36F-3303006C72AE}.Release|x64.Build.0 = Release|x64
	EndGlobalSection
	GlobalSection(SolutionProperties) = preSolution
		HideSolutionNode = FALSE
	EndGlobalSection
	GlobalSection(ExtensibilityGlobals) = postSolution
		SolutionGuid = {938412AF-B307-45FC-A4CE-C68C6B171D26}
	EndGlobalSection
EndGlobal
